
Microsoft Visual Studio Solution File, Format Version 12.00
# Visual Studio Version 16
VisualStudioVersion = 16.0.32228.343
MinimumVisualStudioVersion = 10.0.40219.1
Project("{FAE04EC0-301F-11D3-BF4B-00C04F79EFBC}") = "CodeSnippetEditorWpf", "CodeSnippetEditorWpf\CodeSnippetEditorWpf.csproj", "{403940C1-2053-4BCB-B2AF-05E8927C469A}"
EndProject
Project("{FAE04EC0-301F-11D3-BF4B-00C04F79EFBC}") = "CodeSnippetEditor.Core", "CodeSnippetEditor.Core\CodeSnippetEditor.Core.csproj", "{D1AD8E3F-8BF7-4627-AEA4-A6CEEE5363A8}"
EndProject
Project("{FAE04EC0-301F-11D3-BF4B-00C04F79EFBC}") = "CodeSnippetEditor.Localization", "CodeSnippetEditor.Localization\CodeSnippetEditor.Localization.csproj", "{BF6A3685-30E3-4BE4-B90B-74622763DB2A}"
EndProject
Project("{FAE04EC0-301F-11D3-BF4B-00C04F79EFBC}") = "CodeSnippetEditor", "CodeSnippetEditor\CodeSnippetEditor.csproj", "{609A2146-0E51-4152-BD75-1B6C195E389C}"
EndProject
Global
	GlobalSection(SolutionConfigurationPlatforms) = preSolution
		Debug|Any CPU = Debug|Any CPU
		Debug|x86 = Debug|x86
		Release|Any CPU = Release|Any CPU
		Release|x86 = Release|x86
	EndGlobalSection
	GlobalSection(ProjectConfigurationPlatforms) = postSolution
		{403940C1-2053-4BCB-B2AF-05E8927C469A}.Debug|Any CPU.ActiveCfg = Debug|Any CPU
		{403940C1-2053-4BCB-B2AF-05E8927C469A}.Debug|Any CPU.Build.0 = Debug|Any CPU
		{403940C1-2053-4BCB-B2AF-05E8927C469A}.Debug|x86.ActiveCfg = Debug|Any CPU
		{403940C1-2053-4BCB-B2AF-05E8927C469A}.Debug|x86.Build.0 = Debug|Any CPU
		{403940C1-2053-4BCB-B2AF-05E8927C469A}.Release|Any CPU.ActiveCfg = Release|Any CPU
		{403940C1-2053-4BCB-B2AF-05E8927C469A}.Release|Any CPU.Build.0 = Release|Any CPU
		{403940C1-2053-4BCB-B2AF-05E8927C469A}.Release|x86.ActiveCfg = Release|Any CPU
		{403940C1-2053-4BCB-B2AF-05E8927C469A}.Release|x86.Build.0 = Release|Any CPU
		{D1AD8E3F-8BF7-4627-AEA4-A6CEEE5363A8}.Debug|Any CPU.ActiveCfg = Debug|Any CPU
		{D1AD8E3F-8BF7-4627-AEA4-A6CEEE5363A8}.Debug|Any CPU.Build.0 = Debug|Any CPU
		{D1AD8E3F-8BF7-4627-AEA4-A6CEEE5363A8}.Debug|x86.ActiveCfg = Debug|Any CPU
		{D1AD8E3F-8BF7-4627-AEA4-A6CEEE5363A8}.Debug|x86.Build.0 = Debug|Any CPU
		{D1AD8E3F-8BF7-4627-AEA4-A6CEEE5363A8}.Release|Any CPU.ActiveCfg = Release|Any CPU
		{D1AD8E3F-8BF7-4627-AEA4-A6CEEE5363A8}.Release|Any CPU.Build.0 = Release|Any CPU
		{D1AD8E3F-8BF7-4627-AEA4-A6CEEE5363A8}.Release|x86.ActiveCfg = Release|Any CPU
		{D1AD8E3F-8BF7-4627-AEA4-A6CEEE5363A8}.Release|x86.Build.0 = Release|Any CPU
		{BF6A3685-30E3-4BE4-B90B-74622763DB2A}.Debug|Any CPU.ActiveCfg = Debug|Any CPU
		{BF6A3685-30E3-4BE4-B90B-74622763DB2A}.Debug|Any CPU.Build.0 = Debug|Any CPU
		{BF6A3685-30E3-4BE4-B90B-74622763DB2A}.Debug|x86.ActiveCfg = Debug|Any CPU
		{BF6A3685-30E3-4BE4-B90B-74622763DB2A}.Debug|x86.Build.0 = Debug|Any CPU
		{BF6A3685-30E3-4BE4-B90B-74622763DB2A}.Release|Any CPU.ActiveCfg = Release|Any CPU
		{BF6A3685-30E3-4BE4-B90B-74622763DB2A}.Release|Any CPU.Build.0 = Release|Any CPU
		{BF6A3685-30E3-4BE4-B90B-74622763DB2A}.Release|x86.ActiveCfg = Release|Any CPU
		{BF6A3685-30E3-4BE4-B90B-74622763DB2A}.Release|x86.Build.0 = Release|Any CPU
		{609A2146-0E51-4152-BD75-1B6C195E389C}.Debug|Any CPU.ActiveCfg = Debug|Any CPU
		{609A2146-0E51-4152-BD75-1B6C195E389C}.Debug|Any CPU.Build.0 = Debug|Any CPU
		{609A2146-0E51-4152-BD75-1B6C195E389C}.Debug|x86.ActiveCfg = Debug|Any CPU
		{609A2146-0E51-4152-BD75-1B6C195E389C}.Debug|x86.Build.0 = Debug|Any CPU
		{609A2146-0E51-4152-BD75-1B6C195E389C}.Release|Any CPU.ActiveCfg = Release|Any CPU
		{609A2146-0E51-4152-BD75-1B6C195E389C}.Release|Any CPU.Build.0 = Release|Any CPU
		{609A2146-0E51-4152-BD75-1B6C195E389C}.Release|x86.ActiveCfg = Release|Any CPU
		{609A2146-0E51-4152-BD75-1B6C195E389C}.Release|x86.Build.0 = Release|Any CPU
	EndGlobalSection
	GlobalSection(SolutionProperties) = preSolution
		HideSolutionNode = FALSE
	EndGlobalSection
	GlobalSection(ExtensibilityGlobals) = postSolution
		SolutionGuid = {8AE57DAA-8597-4342-91FC-4B8B28DE48F5}
	EndGlobalSection
EndGlobal
